// !$*UTF8*$!
{
	archiveVersion = 1;
	classes = {
	};
	objectVersion = 55;
	objects = {

/* Begin PBXBuildFile section */
		8B38FB49281BDC6E00EB1F0F /* KeychainAccess in Frameworks */ = {isa = PBXBuildFile; productRef = 8B38FB48281BDC6E00EB1F0F /* KeychainAccess */; };
		8B38FB4B281BDD7200EB1F0F /* Credentials.swift in Sources */ = {isa = PBXBuildFile; fileRef = 8B38FB4A281BDD7200EB1F0F /* Credentials.swift */; };
		8B38FB4C281BDD7200EB1F0F /* Credentials.swift in Sources */ = {isa = PBXBuildFile; fileRef = 8B38FB4A281BDD7200EB1F0F /* Credentials.swift */; };
		8B38FB4E281BDDE100EB1F0F /* KeychainAccess in Frameworks */ = {isa = PBXBuildFile; productRef = 8B38FB4D281BDDE100EB1F0F /* KeychainAccess */; };
		8B38FB50281BE92500EB1F0F /* NewTokenView.swift in Sources */ = {isa = PBXBuildFile; fileRef = 8B38FB4F281BE92500EB1F0F /* NewTokenView.swift */; };
		8B38FB51281BE92500EB1F0F /* NewTokenView.swift in Sources */ = {isa = PBXBuildFile; fileRef = 8B38FB4F281BE92500EB1F0F /* NewTokenView.swift */; };
		8B38FB53281BE9D200EB1F0F /* AccountsView.swift in Sources */ = {isa = PBXBuildFile; fileRef = 8B38FB52281BE9D200EB1F0F /* AccountsView.swift */; };
		8B38FB54281BE9D200EB1F0F /* AccountsView.swift in Sources */ = {isa = PBXBuildFile; fileRef = 8B38FB52281BE9D200EB1F0F /* AccountsView.swift */; };
		8B38FB56281C5BF600EB1F0F /* RoundedButtonStyle.swift in Sources */ = {isa = PBXBuildFile; fileRef = 8B38FB55281C5BF600EB1F0F /* RoundedButtonStyle.swift */; };
		8B38FB57281C5BF600EB1F0F /* RoundedButtonStyle.swift in Sources */ = {isa = PBXBuildFile; fileRef = 8B38FB55281C5BF600EB1F0F /* RoundedButtonStyle.swift */; };
		8B38FB60281DDB4900EB1F0F /* AccountsModel.swift in Sources */ = {isa = PBXBuildFile; fileRef = 8B38FB5F281DDB4900EB1F0F /* AccountsModel.swift */; };
		8B38FB61281DDB4900EB1F0F /* AccountsModel.swift in Sources */ = {isa = PBXBuildFile; fileRef = 8B38FB5F281DDB4900EB1F0F /* AccountsModel.swift */; };
		8B479E5A2819C83B00DE6AED /* TinkoffInvestSDK in Frameworks */ = {isa = PBXBuildFile; productRef = 8B479E592819C83B00DE6AED /* TinkoffInvestSDK */; };
		8B479E5D2819C85D00DE6AED /* TinkoffInvestSDK in Frameworks */ = {isa = PBXBuildFile; productRef = 8B479E5C2819C85D00DE6AED /* TinkoffInvestSDK */; };
		8B7D139B2818A485006CF896 /* IamRICHApp.swift in Sources */ = {isa = PBXBuildFile; fileRef = 8B7D138B2818A483006CF896 /* IamRICHApp.swift */; };
		8B7D139C2818A485006CF896 /* IamRICHApp.swift in Sources */ = {isa = PBXBuildFile; fileRef = 8B7D138B2818A483006CF896 /* IamRICHApp.swift */; };
		8B7D139D2818A485006CF896 /* ContainerView.swift in Sources */ = {isa = PBXBuildFile; fileRef = 8B7D138C2818A483006CF896 /* ContainerView.swift */; };
		8B7D139E2818A485006CF896 /* ContainerView.swift in Sources */ = {isa = PBXBuildFile; fileRef = 8B7D138C2818A483006CF896 /* ContainerView.swift */; };
		8B7D139F2818A485006CF896 /* Assets.xcassets in Resources */ = {isa = PBXBuildFile; fileRef = 8B7D138D2818A485006CF896 /* Assets.xcassets */; };
		8B7D13A02818A485006CF896 /* Assets.xcassets in Resources */ = {isa = PBXBuildFile; fileRef = 8B7D138D2818A485006CF896 /* Assets.xcassets */; };
/* End PBXBuildFile section */

/* Begin PBXFileReference section */
		8B38FB4A281BDD7200EB1F0F /* Credentials.swift */ = {isa = PBXFileReference; lastKnownFileType = sourcecode.swift; path = Credentials.swift; sourceTree = "<group>"; };
		8B38FB4F281BE92500EB1F0F /* NewTokenView.swift */ = {isa = PBXFileReference; lastKnownFileType = sourcecode.swift; path = NewTokenView.swift; sourceTree = "<group>"; };
		8B38FB52281BE9D200EB1F0F /* AccountsView.swift */ = {isa = PBXFileReference; lastKnownFileType = sourcecode.swift; path = AccountsView.swift; sourceTree = "<group>"; };
		8B38FB55281C5BF600EB1F0F /* RoundedButtonStyle.swift */ = {isa = PBXFileReference; fileEncoding = 4; lastKnownFileType = sourcecode.swift; path = RoundedButtonStyle.swift; sourceTree = "<group>"; };
		8B38FB5F281DDB4900EB1F0F /* AccountsModel.swift */ = {isa = PBXFileReference; fileEncoding = 4; lastKnownFileType = sourcecode.swift; path = AccountsModel.swift; sourceTree = "<group>"; };
		8B479E5F2819CB3600DE6AED /* TinkoffInvestSDK */ = {isa = PBXFileReference; lastKnownFileType = wrapper; name = TinkoffInvestSDK; path = ../TinkoffInvestSDK; sourceTree = "<group>"; };
		8B7D138B2818A483006CF896 /* IamRICHApp.swift */ = {isa = PBXFileReference; lastKnownFileType = sourcecode.swift; path = IamRICHApp.swift; sourceTree = "<group>"; };
		8B7D138C2818A483006CF896 /* ContainerView.swift */ = {isa = PBXFileReference; lastKnownFileType = sourcecode.swift; path = ContainerView.swift; sourceTree = "<group>"; };
		8B7D138D2818A485006CF896 /* Assets.xcassets */ = {isa = PBXFileReference; lastKnownFileType = folder.assetcatalog; path = Assets.xcassets; sourceTree = "<group>"; };
		8B7D13922818A485006CF896 /* IamRICH.app */ = {isa = PBXFileReference; explicitFileType = wrapper.application; includeInIndex = 0; path = IamRICH.app; sourceTree = BUILT_PRODUCTS_DIR; };
		8B7D13982818A485006CF896 /* IamRICH.app */ = {isa = PBXFileReference; explicitFileType = wrapper.application; includeInIndex = 0; path = IamRICH.app; sourceTree = BUILT_PRODUCTS_DIR; };
		8B7D139A2818A485006CF896 /* macOS.entitlements */ = {isa = PBXFileReference; lastKnownFileType = text.plist.entitlements; path = macOS.entitlements; sourceTree = "<group>"; };
/* End PBXFileReference section */

/* Begin PBXFrameworksBuildPhase section */
		8B7D138F2818A485006CF896 /* Frameworks */ = {
			isa = PBXFrameworksBuildPhase;
			buildActionMask = 2147483647;
			files = (
				8B38FB49281BDC6E00EB1F0F /* KeychainAccess in Frameworks */,
				8B479E5A2819C83B00DE6AED /* TinkoffInvestSDK in Frameworks */,
			);
			runOnlyForDeploymentPostprocessing = 0;
		};
		8B7D13952818A485006CF896 /* Frameworks */ = {
			isa = PBXFrameworksBuildPhase;
			buildActionMask = 2147483647;
			files = (
				8B38FB4E281BDDE100EB1F0F /* KeychainAccess in Frameworks */,
				8B479E5D2819C85D00DE6AED /* TinkoffInvestSDK in Frameworks */,
			);
			runOnlyForDeploymentPostprocessing = 0;
		};
/* End PBXFrameworksBuildPhase section */

/* Begin PBXGroup section */
		8B38FB58281DD0C200EB1F0F /* Styles */ = {
			isa = PBXGroup;
			children = (
				8B38FB55281C5BF600EB1F0F /* RoundedButtonStyle.swift */,
			);
			path = Styles;
			sourceTree = "<group>";
		};
		8B38FB59281DD0E000EB1F0F /* App */ = {
			isa = PBXGroup;
			children = (
				8B7D138B2818A483006CF896 /* IamRICHApp.swift */,
			);
			path = App;
			sourceTree = "<group>";
		};
		8B38FB5A281DD0EC00EB1F0F /* Credentials */ = {
			isa = PBXGroup;
			children = (
				8B38FB4A281BDD7200EB1F0F /* Credentials.swift */,
			);
			path = Credentials;
			sourceTree = "<group>";
		};
		8B38FB5B281DD74E00EB1F0F /* Views */ = {
			isa = PBXGroup;
			children = (
				8B7D138C2818A483006CF896 /* ContainerView.swift */,
				8B38FB52281BE9D200EB1F0F /* AccountsView.swift */,
				8B38FB4F281BE92500EB1F0F /* NewTokenView.swift */,
			);
			path = Views;
			sourceTree = "<group>";
		};
		8B38FB62281DDB4C00EB1F0F /* Models */ = {
			isa = PBXGroup;
			children = (
				8B38FB5F281DDB4900EB1F0F /* AccountsModel.swift */,
			);
			path = Models;
			sourceTree = "<group>";
		};
		8B479E5B2819C85D00DE6AED /* Frameworks */ = {
			isa = PBXGroup;
			children = (
			);
			name = Frameworks;
			sourceTree = "<group>";
		};
		8B7D13852818A483006CF896 = {
			isa = PBXGroup;
			children = (
				8B7D13A92818A49C006CF896 /* Packages */,
				8B7D138A2818A483006CF896 /* Shared */,
				8B7D13992818A485006CF896 /* macOS */,
				8B7D13932818A485006CF896 /* Products */,
				8B479E5B2819C85D00DE6AED /* Frameworks */,
			);
			sourceTree = "<group>";
		};
		8B7D138A2818A483006CF896 /* Shared */ = {
			isa = PBXGroup;
			children = (
				8B38FB59281DD0E000EB1F0F /* App */,
				8B38FB5A281DD0EC00EB1F0F /* Credentials */,
				8B38FB58281DD0C200EB1F0F /* Styles */,
				8B38FB62281DDB4C00EB1F0F /* Models */,
				8B38FB5B281DD74E00EB1F0F /* Views */,
				8B7D138D2818A485006CF896 /* Assets.xcassets */,
			);
			path = Shared;
			sourceTree = "<group>";
		};
		8B7D13932818A485006CF896 /* Products */ = {
			isa = PBXGroup;
			children = (
				8B7D13922818A485006CF896 /* IamRICH.app */,
				8B7D13982818A485006CF896 /* IamRICH.app */,
			);
			name = Products;
			sourceTree = "<group>";
		};
		8B7D13992818A485006CF896 /* macOS */ = {
			isa = PBXGroup;
			children = (
				8B7D139A2818A485006CF896 /* macOS.entitlements */,
			);
			path = macOS;
			sourceTree = "<group>";
		};
		8B7D13A92818A49C006CF896 /* Packages */ = {
			isa = PBXGroup;
			children = (
				8B479E5F2819CB3600DE6AED /* TinkoffInvestSDK */,
			);
			name = Packages;
			sourceTree = "<group>";
		};
/* End PBXGroup section */

/* Begin PBXNativeTarget section */
		8B7D13912818A485006CF896 /* IamRICH (iOS) */ = {
			isa = PBXNativeTarget;
			buildConfigurationList = 8B7D13A32818A485006CF896 /* Build configuration list for PBXNativeTarget "IamRICH (iOS)" */;
			buildPhases = (
				8B7D138E2818A485006CF896 /* Sources */,
				8B7D138F2818A485006CF896 /* Frameworks */,
				8B7D13902818A485006CF896 /* Resources */,
			);
			buildRules = (
			);
			dependencies = (
			);
			name = "IamRICH (iOS)";
			packageProductDependencies = (
				8B479E592819C83B00DE6AED /* TinkoffInvestSDK */,
				8B38FB48281BDC6E00EB1F0F /* KeychainAccess */,
			);
			productName = "IamRICH (iOS)";
			productReference = 8B7D13922818A485006CF896 /* IamRICH.app */;
			productType = "com.apple.product-type.application";
		};
		8B7D13972818A485006CF896 /* IamRICH (macOS) */ = {
			isa = PBXNativeTarget;
			buildConfigurationList = 8B7D13A62818A485006CF896 /* Build configuration list for PBXNativeTarget "IamRICH (macOS)" */;
			buildPhases = (
				8B7D13942818A485006CF896 /* Sources */,
				8B7D13952818A485006CF896 /* Frameworks */,
				8B7D13962818A485006CF896 /* Resources */,
			);
			buildRules = (
			);
			dependencies = (
			);
			name = "IamRICH (macOS)";
			packageProductDependencies = (
				8B479E5C2819C85D00DE6AED /* TinkoffInvestSDK */,
				8B38FB4D281BDDE100EB1F0F /* KeychainAccess */,
			);
			productName = "IamRICH (macOS)";
			productReference = 8B7D13982818A485006CF896 /* IamRICH.app */;
			productType = "com.apple.product-type.application";
		};
/* End PBXNativeTarget section */

/* Begin PBXProject section */
		8B7D13862818A483006CF896 /* Project object */ = {
			isa = PBXProject;
			attributes = {
				BuildIndependentTargetsInParallel = 1;
				LastSwiftUpdateCheck = 1320;
				LastUpgradeCheck = 1320;
				TargetAttributes = {
					8B7D13912818A485006CF896 = {
						CreatedOnToolsVersion = 13.2.1;
					};
					8B7D13972818A485006CF896 = {
						CreatedOnToolsVersion = 13.2.1;
					};
				};
			};
			buildConfigurationList = 8B7D13892818A483006CF896 /* Build configuration list for PBXProject "IamRICH" */;
			compatibilityVersion = "Xcode 13.0";
			developmentRegion = en;
			hasScannedForEncodings = 0;
			knownRegions = (
				en,
				Base,
			);
			mainGroup = 8B7D13852818A483006CF896;
			packageReferences = (
				8B479E582819C83B00DE6AED /* XCRemoteSwiftPackageReference "TinkoffInvestSDK" */,
				8B38FB47281BDC6E00EB1F0F /* XCRemoteSwiftPackageReference "KeychainAccess" */,
			);
			productRefGroup = 8B7D13932818A485006CF896 /* Products */;
			projectDirPath = "";
			projectRoot = "";
			targets = (
				8B7D13912818A485006CF896 /* IamRICH (iOS) */,
				8B7D13972818A485006CF896 /* IamRICH (macOS) */,
			);
		};
/* End PBXProject section */

/* Begin PBXResourcesBuildPhase section */
		8B7D13902818A485006CF896 /* Resources */ = {
			isa = PBXResourcesBuildPhase;
			buildActionMask = 2147483647;
			files = (
				8B7D139F2818A485006CF896 /* Assets.xcassets in Resources */,
			);
			runOnlyForDeploymentPostprocessing = 0;
		};
		8B7D13962818A485006CF896 /* Resources */ = {
			isa = PBXResourcesBuildPhase;
			buildActionMask = 2147483647;
			files = (
				8B7D13A02818A485006CF896 /* Assets.xcassets in Resources */,
			);
			runOnlyForDeploymentPostprocessing = 0;
		};
/* End PBXResourcesBuildPhase section */

/* Begin PBXSourcesBuildPhase section */
		8B7D138E2818A485006CF896 /* Sources */ = {
			isa = PBXSourcesBuildPhase;
			buildActionMask = 2147483647;
			files = (
				8B38FB53281BE9D200EB1F0F /* AccountsView.swift in Sources */,
				8B38FB4B281BDD7200EB1F0F /* Credentials.swift in Sources */,
				8B38FB56281C5BF600EB1F0F /* RoundedButtonStyle.swift in Sources */,
				8B7D139D2818A485006CF896 /* ContainerView.swift in Sources */,
				8B7D139B2818A485006CF896 /* IamRICHApp.swift in Sources */,
				8B38FB50281BE92500EB1F0F /* NewTokenView.swift in Sources */,
				8B38FB60281DDB4900EB1F0F /* AccountsModel.swift in Sources */,
			);
			runOnlyForDeploymentPostprocessing = 0;
		};
		8B7D13942818A485006CF896 /* Sources */ = {
			isa = PBXSourcesBuildPhase;
			buildActionMask = 2147483647;
			files = (
				8B38FB54281BE9D200EB1F0F /* AccountsView.swift in Sources */,
				8B38FB4C281BDD7200EB1F0F /* Credentials.swift in Sources */,
				8B38FB57281C5BF600EB1F0F /* RoundedButtonStyle.swift in Sources */,
				8B7D139E2818A485006CF896 /* ContainerView.swift in Sources */,
				8B7D139C2818A485006CF896 /* IamRICHApp.swift in Sources */,
				8B38FB51281BE92500EB1F0F /* NewTokenView.swift in Sources */,
				8B38FB61281DDB4900EB1F0F /* AccountsModel.swift in Sources */,
			);
			runOnlyForDeploymentPostprocessing = 0;
		};
/* End PBXSourcesBuildPhase section */

/* Begin XCBuildConfiguration section */
		8B7D13A12818A485006CF896 /* Debug */ = {
			isa = XCBuildConfiguration;
			buildSettings = {
				ALWAYS_SEARCH_USER_PATHS = NO;
				CLANG_ANALYZER_NONNULL = YES;
				CLANG_ANALYZER_NUMBER_OBJECT_CONVERSION = YES_AGGRESSIVE;
				CLANG_CXX_LANGUAGE_STANDARD = "gnu++17";
				CLANG_CXX_LIBRARY = "libc++";
				CLANG_ENABLE_MODULES = YES;
				CLANG_ENABLE_OBJC_ARC = YES;
				CLANG_ENABLE_OBJC_WEAK = YES;
				CLANG_WARN_BLOCK_CAPTURE_AUTORELEASING = YES;
				CLANG_WARN_BOOL_CONVERSION = YES;
				CLANG_WARN_COMMA = YES;
				CLANG_WARN_CONSTANT_CONVERSION = YES;
				CLANG_WARN_DEPRECATED_OBJC_IMPLEMENTATIONS = YES;
				CLANG_WARN_DIRECT_OBJC_ISA_USAGE = YES_ERROR;
				CLANG_WARN_DOCUMENTATION_COMMENTS = YES;
				CLANG_WARN_EMPTY_BODY = YES;
				CLANG_WARN_ENUM_CONVERSION = YES;
				CLANG_WARN_INFINITE_RECURSION = YES;
				CLANG_WARN_INT_CONVERSION = YES;
				CLANG_WARN_NON_LITERAL_NULL_CONVERSION = YES;
				CLANG_WARN_OBJC_IMPLICIT_RETAIN_SELF = YES;
				CLANG_WARN_OBJC_LITERAL_CONVERSION = YES;
				CLANG_WARN_OBJC_ROOT_CLASS = YES_ERROR;
				CLANG_WARN_QUOTED_INCLUDE_IN_FRAMEWORK_HEADER = YES;
				CLANG_WARN_RANGE_LOOP_ANALYSIS = YES;
				CLANG_WARN_STRICT_PROTOTYPES = YES;
				CLANG_WARN_SUSPICIOUS_MOVE = YES;
				CLANG_WARN_UNGUARDED_AVAILABILITY = YES_AGGRESSIVE;
				CLANG_WARN_UNREACHABLE_CODE = YES;
				CLANG_WARN__DUPLICATE_METHOD_MATCH = YES;
				COPY_PHASE_STRIP = NO;
				DEBUG_INFORMATION_FORMAT = dwarf;
				ENABLE_STRICT_OBJC_MSGSEND = YES;
				ENABLE_TESTABILITY = YES;
				GCC_C_LANGUAGE_STANDARD = gnu11;
				GCC_DYNAMIC_NO_PIC = NO;
				GCC_NO_COMMON_BLOCKS = YES;
				GCC_OPTIMIZATION_LEVEL = 0;
				GCC_PREPROCESSOR_DEFINITIONS = (
					"DEBUG=1",
					"$(inherited)",
				);
				GCC_WARN_64_TO_32_BIT_CONVERSION = YES;
				GCC_WARN_ABOUT_RETURN_TYPE = YES_ERROR;
				GCC_WARN_UNDECLARED_SELECTOR = YES;
				GCC_WARN_UNINITIALIZED_AUTOS = YES_AGGRESSIVE;
				GCC_WARN_UNUSED_FUNCTION = YES;
				GCC_WARN_UNUSED_VARIABLE = YES;
				MTL_ENABLE_DEBUG_INFO = INCLUDE_SOURCE;
				MTL_FAST_MATH = YES;
				ONLY_ACTIVE_ARCH = YES;
				SWIFT_ACTIVE_COMPILATION_CONDITIONS = DEBUG;
				SWIFT_OPTIMIZATION_LEVEL = "-Onone";
			};
			name = Debug;
		};
		8B7D13A22818A485006CF896 /* Release */ = {
			isa = XCBuildConfiguration;
			buildSettings = {
				ALWAYS_SEARCH_USER_PATHS = NO;
				CLANG_ANALYZER_NONNULL = YES;
				CLANG_ANALYZER_NUMBER_OBJECT_CONVERSION = YES_AGGRESSIVE;
				CLANG_CXX_LANGUAGE_STANDARD = "gnu++17";
				CLANG_CXX_LIBRARY = "libc++";
				CLANG_ENABLE_MODULES = YES;
				CLANG_ENABLE_OBJC_ARC = YES;
				CLANG_ENABLE_OBJC_WEAK = YES;
				CLANG_WARN_BLOCK_CAPTURE_AUTORELEASING = YES;
				CLANG_WARN_BOOL_CONVERSION = YES;
				CLANG_WARN_COMMA = YES;
				CLANG_WARN_CONSTANT_CONVERSION = YES;
				CLANG_WARN_DEPRECATED_OBJC_IMPLEMENTATIONS = YES;
				CLANG_WARN_DIRECT_OBJC_ISA_USAGE = YES_ERROR;
				CLANG_WARN_DOCUMENTATION_COMMENTS = YES;
				CLANG_WARN_EMPTY_BODY = YES;
				CLANG_WARN_ENUM_CONVERSION = YES;
				CLANG_WARN_INFINITE_RECURSION = YES;
				CLANG_WARN_INT_CONVERSION = YES;
				CLANG_WARN_NON_LITERAL_NULL_CONVERSION = YES;
				CLANG_WARN_OBJC_IMPLICIT_RETAIN_SELF = YES;
				CLANG_WARN_OBJC_LITERAL_CONVERSION = YES;
				CLANG_WARN_OBJC_ROOT_CLASS = YES_ERROR;
				CLANG_WARN_QUOTED_INCLUDE_IN_FRAMEWORK_HEADER = YES;
				CLANG_WARN_RANGE_LOOP_ANALYSIS = YES;
				CLANG_WARN_STRICT_PROTOTYPES = YES;
				CLANG_WARN_SUSPICIOUS_MOVE = YES;
				CLANG_WARN_UNGUARDED_AVAILABILITY = YES_AGGRESSIVE;
				CLANG_WARN_UNREACHABLE_CODE = YES;
				CLANG_WARN__DUPLICATE_METHOD_MATCH = YES;
				COPY_PHASE_STRIP = NO;
				DEBUG_INFORMATION_FORMAT = "dwarf-with-dsym";
				ENABLE_NS_ASSERTIONS = NO;
				ENABLE_STRICT_OBJC_MSGSEND = YES;
				GCC_C_LANGUAGE_STANDARD = gnu11;
				GCC_NO_COMMON_BLOCKS = YES;
				GCC_WARN_64_TO_32_BIT_CONVERSION = YES;
				GCC_WARN_ABOUT_RETURN_TYPE = YES_ERROR;
				GCC_WARN_UNDECLARED_SELECTOR = YES;
				GCC_WARN_UNINITIALIZED_AUTOS = YES_AGGRESSIVE;
				GCC_WARN_UNUSED_FUNCTION = YES;
				GCC_WARN_UNUSED_VARIABLE = YES;
				MTL_ENABLE_DEBUG_INFO = NO;
				MTL_FAST_MATH = YES;
				SWIFT_COMPILATION_MODE = wholemodule;
				SWIFT_OPTIMIZATION_LEVEL = "-O";
			};
			name = Release;
		};
		8B7D13A42818A485006CF896 /* Debug */ = {
			isa = XCBuildConfiguration;
			buildSettings = {
				ASSETCATALOG_COMPILER_APPICON_NAME = AppIcon;
				ASSETCATALOG_COMPILER_GLOBAL_ACCENT_COLOR_NAME = AccentColor;
				CODE_SIGN_STYLE = Automatic;
				CURRENT_PROJECT_VERSION = 1;
				DEVELOPMENT_TEAM = YK65XWY5DX;
				ENABLE_PREVIEWS = YES;
				GENERATE_INFOPLIST_FILE = YES;
				INFOPLIST_KEY_UIApplicationSceneManifest_Generation = YES;
				INFOPLIST_KEY_UIApplicationSupportsIndirectInputEvents = YES;
				INFOPLIST_KEY_UILaunchScreen_Generation = YES;
				INFOPLIST_KEY_UISupportedInterfaceOrientations_iPad = "UIInterfaceOrientationPortrait UIInterfaceOrientationPortraitUpsideDown UIInterfaceOrientationLandscapeLeft UIInterfaceOrientationLandscapeRight";
				INFOPLIST_KEY_UISupportedInterfaceOrientations_iPhone = "UIInterfaceOrientationPortrait UIInterfaceOrientationLandscapeLeft UIInterfaceOrientationLandscapeRight";
				IPHONEOS_DEPLOYMENT_TARGET = 15.2;
				LD_RUNPATH_SEARCH_PATHS = (
					"$(inherited)",
					"@executable_path/Frameworks",
				);
				MARKETING_VERSION = 1.0;
				PRODUCT_BUNDLE_IDENTIFIER = me.yuryev.rich;
				PRODUCT_NAME = IamRICH;
				SDKROOT = iphoneos;
				SWIFT_EMIT_LOC_STRINGS = YES;
				SWIFT_VERSION = 5.0;
				TARGETED_DEVICE_FAMILY = "1,2";
			};
			name = Debug;
		};
		8B7D13A52818A485006CF896 /* Release */ = {
			isa = XCBuildConfiguration;
			buildSettings = {
				ASSETCATALOG_COMPILER_APPICON_NAME = AppIcon;
				ASSETCATALOG_COMPILER_GLOBAL_ACCENT_COLOR_NAME = AccentColor;
				CODE_SIGN_STYLE = Automatic;
				CURRENT_PROJECT_VERSION = 1;
				DEVELOPMENT_TEAM = YK65XWY5DX;
				ENABLE_PREVIEWS = YES;
				GENERATE_INFOPLIST_FILE = YES;
				INFOPLIST_KEY_UIApplicationSceneManifest_Generation = YES;
				INFOPLIST_KEY_UIApplicationSupportsIndirectInputEvents = YES;
				INFOPLIST_KEY_UILaunchScreen_Generation = YES;
				INFOPLIST_KEY_UISupportedInterfaceOrientations_iPad = "UIInterfaceOrientationPortrait UIInterfaceOrientationPortraitUpsideDown UIInterfaceOrientationLandscapeLeft UIInterfaceOrientationLandscapeRight";
				INFOPLIST_KEY_UISupportedInterfaceOrientations_iPhone = "UIInterfaceOrientationPortrait UIInterfaceOrientationLandscapeLeft UIInterfaceOrientationLandscapeRight";
				IPHONEOS_DEPLOYMENT_TARGET = 15.2;
				LD_RUNPATH_SEARCH_PATHS = (
					"$(inherited)",
					"@executable_path/Frameworks",
				);
				MARKETING_VERSION = 1.0;
				PRODUCT_BUNDLE_IDENTIFIER = me.yuryev.rich;
				PRODUCT_NAME = IamRICH;
				SDKROOT = iphoneos;
				SWIFT_EMIT_LOC_STRINGS = YES;
				SWIFT_VERSION = 5.0;
				TARGETED_DEVICE_FAMILY = "1,2";
				VALIDATE_PRODUCT = YES;
			};
			name = Release;
		};
		8B7D13A72818A485006CF896 /* Debug */ = {
			isa = XCBuildConfiguration;
			buildSettings = {
				ASSETCATALOG_COMPILER_APPICON_NAME = AppIcon;
				ASSETCATALOG_COMPILER_GLOBAL_ACCENT_COLOR_NAME = AccentColor;
				CODE_SIGN_ENTITLEMENTS = macOS/macOS.entitlements;
				CODE_SIGN_STYLE = Automatic;
				COMBINE_HIDPI_IMAGES = YES;
				CURRENT_PROJECT_VERSION = 1;
				DEVELOPMENT_TEAM = YK65XWY5DX;
				ENABLE_HARDENED_RUNTIME = YES;
				ENABLE_PREVIEWS = YES;
				GENERATE_INFOPLIST_FILE = YES;
				INFOPLIST_KEY_NSHumanReadableCopyright = "";
				LD_RUNPATH_SEARCH_PATHS = (
					"$(inherited)",
					"@executable_path/../Frameworks",
				);
				MACOSX_DEPLOYMENT_TARGET = 12.1;
				MARKETING_VERSION = 1.0;
				PRODUCT_BUNDLE_IDENTIFIER = me.yuryev.rich;
				PRODUCT_NAME = IamRICH;
				SDKROOT = macosx;
				SWIFT_EMIT_LOC_STRINGS = YES;
				SWIFT_VERSION = 5.0;
			};
			name = Debug;
		};
		8B7D13A82818A485006CF896 /* Release */ = {
			isa = XCBuildConfiguration;
			buildSettings = {
				ASSETCATALOG_COMPILER_APPICON_NAME = AppIcon;
				ASSETCATALOG_COMPILER_GLOBAL_ACCENT_COLOR_NAME = AccentColor;
				CODE_SIGN_ENTITLEMENTS = macOS/macOS.entitlements;
				CODE_SIGN_STYLE = Automatic;
				COMBINE_HIDPI_IMAGES = YES;
				CURRENT_PROJECT_VERSION = 1;
				DEVELOPMENT_TEAM = YK65XWY5DX;
				ENABLE_HARDENED_RUNTIME = YES;
				ENABLE_PREVIEWS = YES;
				GENERATE_INFOPLIST_FILE = YES;
				INFOPLIST_KEY_NSHumanReadableCopyright = "";
				LD_RUNPATH_SEARCH_PATHS = (
					"$(inherited)",
					"@executable_path/../Frameworks",
				);
				MACOSX_DEPLOYMENT_TARGET = 12.1;
				MARKETING_VERSION = 1.0;
				PRODUCT_BUNDLE_IDENTIFIER = me.yuryev.rich;
				PRODUCT_NAME = IamRICH;
				SDKROOT = macosx;
				SWIFT_EMIT_LOC_STRINGS = YES;
				SWIFT_VERSION = 5.0;
			};
			name = Release;
		};
/* End XCBuildConfiguration section */

/* Begin XCConfigurationList section */
		8B7D13892818A483006CF896 /* Build configuration list for PBXProject "IamRICH" */ = {
			isa = XCConfigurationList;
			buildConfigurations = (
				8B7D13A12818A485006CF896 /* Debug */,
				8B7D13A22818A485006CF896 /* Release */,
			);
			defaultConfigurationIsVisible = 0;
			defaultConfigurationName = Release;
		};
		8B7D13A32818A485006CF896 /* Build configuration list for PBXNativeTarget "IamRICH (iOS)" */ = {
			isa = XCConfigurationList;
			buildConfigurations = (
				8B7D13A42818A485006CF896 /* Debug */,
				8B7D13A52818A485006CF896 /* Release */,
			);
			defaultConfigurationIsVisible = 0;
			defaultConfigurationName = Release;
		};
		8B7D13A62818A485006CF896 /* Build configuration list for PBXNativeTarget "IamRICH (macOS)" */ = {
			isa = XCConfigurationList;
			buildConfigurations = (
				8B7D13A72818A485006CF896 /* Debug */,
				8B7D13A82818A485006CF896 /* Release */,
			);
			defaultConfigurationIsVisible = 0;
			defaultConfigurationName = Release;
		};
/* End XCConfigurationList section */

/* Begin XCRemoteSwiftPackageReference section */
		8B38FB47281BDC6E00EB1F0F /* XCRemoteSwiftPackageReference "KeychainAccess" */ = {
			isa = XCRemoteSwiftPackageReference;
			repositoryURL = "https://github.com/kishikawakatsumi/KeychainAccess";
			requirement = {
				branch = master;
				kind = branch;
			};
		};
		8B479E582819C83B00DE6AED /* XCRemoteSwiftPackageReference "TinkoffInvestSDK" */ = {
			isa = XCRemoteSwiftPackageReference;
			repositoryURL = "https://github.com/s41ty/TinkoffInvestSDK.git";
			requirement = {
				branch = master;
				kind = branch;
			};
		};
/* End XCRemoteSwiftPackageReference section */

/* Begin XCSwiftPackageProductDependency section */
		8B38FB48281BDC6E00EB1F0F /* KeychainAccess */ = {
			isa = XCSwiftPackageProductDependency;
			package = 8B38FB47281BDC6E00EB1F0F /* XCRemoteSwiftPackageReference "KeychainAccess" */;
			productName = KeychainAccess;
		};
		8B38FB4D281BDDE100EB1F0F /* KeychainAccess */ = {
			isa = XCSwiftPackageProductDependency;
			package = 8B38FB47281BDC6E00EB1F0F /* XCRemoteSwiftPackageReference "KeychainAccess" */;
			productName = KeychainAccess;
		};
		8B479E592819C83B00DE6AED /* TinkoffInvestSDK */ = {
			isa = XCSwiftPackageProductDependency;
			package = 8B479E582819C83B00DE6AED /* XCRemoteSwiftPackageReference "TinkoffInvestSDK" */;
			productName = TinkoffInvestSDK;
		};
		8B479E5C2819C85D00DE6AED /* TinkoffInvestSDK */ = {
			isa = XCSwiftPackageProductDependency;
			package = 8B479E582819C83B00DE6AED /* XCRemoteSwiftPackageReference "TinkoffInvestSDK" */;
			productName = TinkoffInvestSDK;
		};
/* End XCSwiftPackageProductDependency section */
	};
	rootObject = 8B7D13862818A483006CF896 /* Project object */;
}
